
Microsoft Visual Studio Solution File, Format Version 12.00
# Visual Studio Version 17
VisualStudioVersion = 17.11.35312.102
MinimumVisualStudioVersion = 10.0.40219.1
Project("{9A19103F-16F7-4668-BE54-9A1E7A4F7556}") = "RunningSyncStoredProceduresMVC", "RunningSyncStoredProceduresMVC\RunningSyncStoredProceduresMVC.csproj", "{508EC4A9-89D2-4C06-8D70-BB9A1F59020D}"
EndProject
Project("{2150E333-8FDC-42A3-9474-1A3956D46DE8}") = "Database", "Database", "{3041E84E-0BE6-40F1-996D-2F665229512F}"
	ProjectSection(SolutionItems) = preProject
		RunningProcedureMVC.sql = RunningProcedureMVC.sql
	EndProjectSection
EndProject
Global
	GlobalSection(SolutionConfigurationPlatforms) = preSolution
		Debug|Any CPU = Debug|Any CPU
		Release|Any CPU = Release|Any CPU
	EndGlobalSection
	GlobalSection(ProjectConfigurationPlatforms) = postSolution
		{508EC4A9-89D2-4C06-8D70-BB9A1F59020D}.Debug|Any CPU.ActiveCfg = Debug|Any CPU
		{508EC4A9-89D2-4C06-8D70-BB9A1F59020D}.Debug|Any CPU.Build.0 = Debug|Any CPU
		{508EC4A9-89D2-4C06-8D70-BB9A1F59020D}.Release|Any CPU.ActiveCfg = Release|Any CPU
		{508EC4A9-89D2-4C06-8D70-BB9A1F59020D}.Release|Any CPU.Build.0 = Release|Any CPU
	EndGlobalSection
	GlobalSection(SolutionProperties) = preSolution
		HideSolutionNode = FALSE
	EndGlobalSection
	GlobalSection(ExtensibilityGlobals) = postSolution
		SolutionGuid = {4507FA0D-B2CA-4A37-BF34-F22AB6A9696C}
	EndGlobalSection
EndGlobal
